
Microsoft Visual Studio Solution File, Format Version 12.00
# Visual Studio Version 16
VisualStudioVersion = 16.0.30717.126
MinimumVisualStudioVersion = 10.0.40219.1
Project("{FAE04EC0-301F-11D3-BF4B-00C04F79EFBC}") = "CoupunWithoutOCP", "CoupunWithoutOCP\CoupunWithoutOCP.csproj", "{0BDA28F9-3C5A-4E57-B86A-B71F3E76EDFD}"
EndProject
Global
	GlobalSection(SolutionConfigurationPlatforms) = preSolution
		Debug|Any CPU = Debug|Any CPU
		Release|Any CPU = Release|Any CPU
	EndGlobalSection
	GlobalSection(ProjectConfigurationPlatforms) = postSolution
		{0BDA28F9-3C5A-4E57-B86A-B71F3E76EDFD}.Debug|Any CPU.ActiveCfg = Debug|Any CPU
		{0BDA28F9-3C5A-4E57-B86A-B71F3E76EDFD}.Debug|Any CPU.Build.0 = Debug|Any CPU
		{0BDA28F9-3C5A-4E57-B86A-B71F3E76EDFD}.Release|Any CPU.ActiveCfg = Release|Any CPU
		{0BDA28F9-3C5A-4E57-B86A-B71F3E76EDFD}.Release|Any CPU.Build.0 = Release|Any CPU
	EndGlobalSection
	GlobalSection(SolutionProperties) = preSolution
		HideSolutionNode = FALSE
	EndGlobalSection
	GlobalSection(ExtensibilityGlobals) = postSolution
		SolutionGuid = {30C93D21-6046-4576-8F47-EC3188463FFF}
	EndGlobalSection
EndGlobal
